
Microsoft Visual Studio Solution File, Format Version 12.00
# Visual Studio Version 17
VisualStudioVersion = 17.11.35327.3
MinimumVisualStudioVersion = 10.0.40219.1
Project("{8BC9CEB8-8B4A-11D0-8D11-00A0C91BC942}") = "Utility Library", "Utility Library\Utility Library.vcxproj", "{100DA6A5-F6A9-4BE8-A098-D8FD25AC10BB}"
EndProject
Global
	GlobalSection(SolutionConfigurationPlatforms) = preSolution
		Debug|x64 = Debug|x64
		Debug|x86 = Debug|x86
		Release|x64 = Release|x64
		Release|x86 = Release|x86
	EndGlobalSection
	GlobalSection(ProjectConfigurationPlatforms) = postSolution
		{100DA6A5-F6A9-4BE8-A098-D8FD25AC10BB}.Debug|x64.ActiveCfg = Debug|x64
		{100DA6A5-F6A9-4BE8-A098-D8FD25AC10BB}.Debug|x64.Build.0 = Debug|x64
		{100DA6A5-F6A9-4BE8-A098-D8FD25AC10BB}.Debug|x86.ActiveCfg = Debug|Win32
		{100DA6A5-F6A9-4BE8-A098-D8FD25AC10BB}.Debug|x86.Build.0 = Debug|Win32
		{100DA6A5-F6A9-4BE8-A098-D8FD25AC10BB}.Release|x64.ActiveCfg = Release|x64
		{100DA6A5-F6A9-4BE8-A098-D8FD25AC10BB}.Release|x64.Build.0 = Release|x64
		{100DA6A5-F6A9-4BE8-A098-D8FD25AC10BB}.Release|x86.ActiveCfg = Release|Win32
		{100DA6A5-F6A9-4BE8-A098-D8FD25AC10BB}.Release|x86.Build.0 = Release|Win32
	EndGlobalSection
	GlobalSection(SolutionProperties) = preSolution
		HideSolutionNode = FALSE
	EndGlobalSection
	GlobalSection(ExtensibilityGlobals) = postSolution
		SolutionGuid = {274670D2-3307-4862-B451-E8E5532A2874}
	EndGlobalSection
EndGlobal
